
Microsoft Visual Studio Solution File, Format Version 12.00
# Visual Studio Version 16
VisualStudioVersion = 16.0.33328.57
MinimumVisualStudioVersion = 10.0.40219.1
Project("{FAE04EC0-301F-11D3-BF4B-00C04F79EFBC}") = "Supervisor", "supervisor\Supervisor.csproj", "{3C47E372-3BFC-4E2C-A807-CF783FEE8C18}"
EndProject
Global
	GlobalSection(SolutionConfigurationPlatforms) = preSolution
		Debug|Any CPU = Debug|Any CPU
		Release|Any CPU = Release|Any CPU
	EndGlobalSection
	GlobalSection(ProjectConfigurationPlatforms) = postSolution
		{3C47E372-3BFC-4E2C-A807-CF783FEE8C18}.Debug|Any CPU.ActiveCfg = Debug|Any CPU
		{3C47E372-3BFC-4E2C-A807-CF783FEE8C18}.Debug|Any CPU.Build.0 = Debug|Any CPU
		{3C47E372-3BFC-4E2C-A807-CF783FEE8C18}.Release|Any CPU.ActiveCfg = Release|Any CPU
		{3C47E372-3BFC-4E2C-A807-CF783FEE8C18}.Release|Any CPU.Build.0 = Release|Any CPU
	EndGlobalSection
	GlobalSection(SolutionProperties) = preSolution
		HideSolutionNode = FALSE
	EndGlobalSection
	GlobalSection(ExtensibilityGlobals) = postSolution
		SolutionGuid = {48D4A8A6-8A42-48B2-A662-AABC75BD6412}
	EndGlobalSection
EndGlobal
